<Solution>
  <Project Path="ThongTinGiangVien/ThongTinGiangVien.csproj" Id="2fea6f68-970b-4cca-add4-2227055a45a1" />
  <Project Path="TinhTienHocTrungTam/TinhTienHocTrungTam.csproj" Id="b072c7ca-60c9-4a05-bcca-bbf45e85fea7" />
  <Project Path="QuanLySinhVien/QuanLySinhVien.csproj" Id="a3d81e4b-8b24-4b45-8a5e-8a5d6e123456" />
</Solution>
